
Microsoft Visual Studio Solution File, Format Version 12.00
# Visual Studio Version 18
VisualStudioVersion = 18.4.11605.240 stable
MinimumVisualStudioVersion = 10.0.40219.1
Project("{FAE04EC0-301F-11D3-BF4B-00C04F79EFBC}") = "FoodStreetAudioGuide", "FoodStreetAudioGuide.csproj", "{AF8E57F9-2194-5185-02F3-A29D8A08705D}"
EndProject
Global
	GlobalSection(SolutionConfigurationPlatforms) = preSolution
		Debug|Any CPU = Debug|Any CPU
		Release|Any CPU = Release|Any CPU
	EndGlobalSection
	GlobalSection(ProjectConfigurationPlatforms) = postSolution
		{AF8E57F9-2194-5185-02F3-A29D8A08705D}.Debug|Any CPU.ActiveCfg = Debug|Any CPU
		{AF8E57F9-2194-5185-02F3-A29D8A08705D}.Debug|Any CPU.Build.0 = Debug|Any CPU
		{AF8E57F9-2194-5185-02F3-A29D8A08705D}.Debug|Any CPU.Deploy.0 = Debug|Any CPU
		{AF8E57F9-2194-5185-02F3-A29D8A08705D}.Release|Any CPU.ActiveCfg = Release|Any CPU
		{AF8E57F9-2194-5185-02F3-A29D8A08705D}.Release|Any CPU.Build.0 = Release|Any CPU
	EndGlobalSection
	GlobalSection(SolutionProperties) = preSolution
		HideSolutionNode = FALSE
	EndGlobalSection
	GlobalSection(ExtensibilityGlobals) = postSolution
		SolutionGuid = {CB898226-3B21-4943-9FEB-FC8F569B5378}
	EndGlobalSection
EndGlobal
